
Microsoft Visual Studio Solution File, Format Version 12.00
# Visual Studio 15
VisualStudioVersion = 15.0.28307.421
MinimumVisualStudioVersion = 10.0.40219.1
Project("{FAE04EC0-301F-11D3-BF4B-00C04F79EFBC}") = "shop", "shop.csproj", "{1538B225-FE69-4E36-A416-6E87DEA33253}"
EndProject
Global
	GlobalSection(SolutionConfigurationPlatforms) = preSolution
		Debug|Any CPU = Debug|Any CPU
		Release|Any CPU = Release|Any CPU
	EndGlobalSection
	GlobalSection(ProjectConfigurationPlatforms) = postSolution
		{1538B225-FE69-4E36-A416-6E87DEA33253}.Debug|Any CPU.ActiveCfg = Debug|Any CPU
		{1538B225-FE69-4E36-A416-6E87DEA33253}.Debug|Any CPU.Build.0 = Debug|Any CPU
		{1538B225-FE69-4E36-A416-6E87DEA33253}.Release|Any CPU.ActiveCfg = Release|Any CPU
		{1538B225-FE69-4E36-A416-6E87DEA33253}.Release|Any CPU.Build.0 = Release|Any CPU
	EndGlobalSection
	GlobalSection(SolutionProperties) = preSolution
		HideSolutionNode = FALSE
	EndGlobalSection
	GlobalSection(ExtensibilityGlobals) = postSolution
		SolutionGuid = {10C8BCD3-5B48-495E-A62D-CCE66B2DF2BF}
	EndGlobalSection
EndGlobal
